
Microsoft Visual Studio Solution File, Format Version 12.00
# Visual Studio 15
Project("{FAE04EC0-301F-11D3-BF4B-00C04F79EFBC}") = "Assembly-CSharp", "Assembly-CSharp.csproj", "{716A519B-C05E-F6A2-19DE-F270589E6BDB}"
EndProject
Project("{FAE04EC0-301F-11D3-BF4B-00C04F79EFBC}") = "Assembly-CSharp-firstpass", "Assembly-CSharp-firstpass.csproj", "{96B7C125-AC1A-D09F-49BE-3CEE650B6019}"
EndProject
Global
	GlobalSection(SolutionConfigurationPlatforms) = preSolution
		Debug|Any CPU = Debug|Any CPU
		Release|Any CPU = Release|Any CPU
	EndGlobalSection
	GlobalSection(ProjectConfigurationPlatforms) = postSolution
		{716A519B-C05E-F6A2-19DE-F270589E6BDB}.Debug|Any CPU.ActiveCfg = Debug|Any CPU
		{716A519B-C05E-F6A2-19DE-F270589E6BDB}.Debug|Any CPU.Build.0 = Debug|Any CPU
		{716A519B-C05E-F6A2-19DE-F270589E6BDB}.Release|Any CPU.ActiveCfg = Release|Any CPU
		{716A519B-C05E-F6A2-19DE-F270589E6BDB}.Release|Any CPU.Build.0 = Release|Any CPU
		{96B7C125-AC1A-D09F-49BE-3CEE650B6019}.Debug|Any CPU.ActiveCfg = Debug|Any CPU
		{96B7C125-AC1A-D09F-49BE-3CEE650B6019}.Debug|Any CPU.Build.0 = Debug|Any CPU
		{96B7C125-AC1A-D09F-49BE-3CEE650B6019}.Release|Any CPU.ActiveCfg = Release|Any CPU
		{96B7C125-AC1A-D09F-49BE-3CEE650B6019}.Release|Any CPU.Build.0 = Release|Any CPU
	EndGlobalSection
	GlobalSection(SolutionProperties) = preSolution
		HideSolutionNode = FALSE
	EndGlobalSection
EndGlobal
